{
  "name": "benchmarks",
  "version": "0.0.0",
  "lockfileVersion": 2,
  "requires": true,
  "packages": {
    "": {
      "name": "benchmarks",
      "version": "0.0.0",
      "dependencies": {
        "@maverick-js/observables": "^4.3.2",
        "cellx": "^1.10.29",
        "cli-table": "^0.3.11",
        "hyperactiv": "file:..",
        "kleur": "^4.1.5",
        "mobx": "^6.6.1",
        "s-js": "^0.4.9"
      }
    },
    "..": {
      "version": "0.10.3",
      "license": "MIT",
      "devDependencies": {
        "@babel/core": "^7.17.10",
        "@babel/eslint-parser": "^7.17.0",
        "@babel/preset-env": "^7.17.10",
        "@babel/preset-react": "^7.16.7",
        "@testing-library/jest-dom": "^5.16.4",
        "@testing-library/react": "^13.2.0",
        "@types/jest": "^27.5.0",
        "babel-jest": "^28.1.0",
        "eslint": "^8.15.0",
        "eslint-plugin-jest": "^26.1.5",
        "eslint-plugin-react": "^7.29.4",
        "jest": "^28.1.0",
        "jest-environment-jsdom": "^28.1.0",
        "node-fetch": "^2",
        "normaliz": "^0.2.0",
        "react": "^18.1.0",
        "react-dom": "^18.1.0",
        "react-test-renderer": "^18.1.0",
        "rimraf": "^3.0.2",
        "rollup": "^2.72.0",
        "rollup-plugin-terser": "^7.0.2",
        "typescript": "^4.6.4",
        "wretch": "^1.7.9",
        "ws": "^7"
      }
    },
    "node_modules/@maverick-js/observables": {
      "version": "4.3.2",
      "resolved": "https://registry.npmjs.org/@maverick-js/observables/-/observables-4.3.2.tgz",
      "integrity": "sha512-8xeifk2D6/2ed8RyhBfO8q90Sd55ODTBYULg9BMpJX3zICho4oPyPAAHq3A0MFg4gdEjNLGiCqNKyXu3JDRVeg==",
      "dependencies": {
        "@maverick-js/scheduler": "^1.0.1"
      }
    },
    "node_modules/@maverick-js/scheduler": {
      "version": "1.0.1",
      "resolved": "https://registry.npmjs.org/@maverick-js/scheduler/-/scheduler-1.0.1.tgz",
      "integrity": "sha512-4THb+ZPMrY97WvROAxh4yFXVdnQxOLqms/lxYzgQFjoGWDp7AOiGAkIb++kUZA4npQ5I2lJ1DsL+o6kofNW8oA=="
    },
    "node_modules/@riim/next-tick": {
      "version": "1.2.6",
      "resolved": "https://registry.npmjs.org/@riim/next-tick/-/next-tick-1.2.6.tgz",
      "integrity": "sha512-Grcu9OhD5Ohk/x2i0DwxB37Xf7ElmdBA5dGSDTNFNyiMPsMwc+XjciH+wgWd6vIq6bEtMPmaSXUm3i9q/TEyag=="
    },
    "node_modules/cellx": {
      "version": "1.10.29",
      "resolved": "https://registry.npmjs.org/cellx/-/cellx-1.10.29.tgz",
      "integrity": "sha512-fUdUecXe7UY4dY3il26DYfTl7ugNkGAycB1w5oc/GE0KRHZcT03ZgnKSXt/Xpt/7eYxqSXj0sFA8B/RIEpyH1A==",
      "dependencies": {
        "@riim/next-tick": "1.2.6"
      }
    },
    "node_modules/cli-table": {
      "version": "0.3.11",
      "resolved": "https://registry.npmjs.org/cli-table/-/cli-table-0.3.11.tgz",
      "integrity": "sha512-IqLQi4lO0nIB4tcdTpN4LCB9FI3uqrJZK7RC515EnhZ6qBaglkIgICb1wjeAqpdoOabm1+SuQtkXIPdYC93jhQ==",
      "dependencies": {
        "colors": "1.0.3"
      },
      "engines": {
        "node": ">= 0.2.0"
      }
    },
    "node_modules/colors": {
      "version": "1.0.3",
      "resolved": "https://registry.npmjs.org/colors/-/colors-1.0.3.tgz",
      "integrity": "sha512-pFGrxThWcWQ2MsAz6RtgeWe4NK2kUE1WfsrvvlctdII745EW9I0yflqhe7++M5LEc7bV2c/9/5zc8sFcpL0Drw==",
      "engines": {
        "node": ">=0.1.90"
      }
    },
    "node_modules/hyperactiv": {
      "resolved": "..",
      "link": true
    },
    "node_modules/kleur": {
      "version": "4.1.5",
      "resolved": "https://registry.npmjs.org/kleur/-/kleur-4.1.5.tgz",
      "integrity": "sha512-o+NO+8WrRiQEE4/7nwRJhN1HWpVmJm511pBHUxPLtp0BUISzlBplORYSmTclCnJvQq2tKu/sgl3xVpkc7ZWuQQ==",
      "engines": {
        "node": ">=6"
      }
    },
    "node_modules/mobx": {
      "version": "6.6.1",
      "resolved": "https://registry.npmjs.org/mobx/-/mobx-6.6.1.tgz",
      "integrity": "sha512-7su3UZv5JF+ohLr2opabjbUAERfXstMY+wiBtey8yNAPoB8H187RaQXuhFjNkH8aE4iHbDWnhDFZw0+5ic4nGQ==",
      "funding": {
        "type": "opencollective",
        "url": "https://opencollective.com/mobx"
      }
    },
    "node_modules/s-js": {
      "version": "0.4.9",
      "resolved": "https://registry.npmjs.org/s-js/-/s-js-0.4.9.tgz",
      "integrity": "sha512-RtpOm+cM6O0sHg6IA70wH+UC3FZcND+rccBZpBAHzlUgNO2Bm5BN+FnM8+OBxzXdwpKWFwX11JGF0MFRkhSoIQ=="
    }
  },
  "dependencies": {
    "@maverick-js/observables": {
      "version": "4.3.2",
      "resolved": "https://registry.npmjs.org/@maverick-js/observables/-/observables-4.3.2.tgz",
      "integrity": "sha512-8xeifk2D6/2ed8RyhBfO8q90Sd55ODTBYULg9BMpJX3zICho4oPyPAAHq3A0MFg4gdEjNLGiCqNKyXu3JDRVeg==",
      "requires": {
        "@maverick-js/scheduler": "^1.0.1"
      }
    },
    "@maverick-js/scheduler": {
      "version": "1.0.1",
      "resolved": "https://registry.npmjs.org/@maverick-js/scheduler/-/scheduler-1.0.1.tgz",
      "integrity": "sha512-4THb+ZPMrY97WvROAxh4yFXVdnQxOLqms/lxYzgQFjoGWDp7AOiGAkIb++kUZA4npQ5I2lJ1DsL+o6kofNW8oA=="
    },
    "@riim/next-tick": {
      "version": "1.2.6",
      "resolved": "https://registry.npmjs.org/@riim/next-tick/-/next-tick-1.2.6.tgz",
      "integrity": "sha512-Grcu9OhD5Ohk/x2i0DwxB37Xf7ElmdBA5dGSDTNFNyiMPsMwc+XjciH+wgWd6vIq6bEtMPmaSXUm3i9q/TEyag=="
    },
    "cellx": {
      "version": "1.10.29",
      "resolved": "https://registry.npmjs.org/cellx/-/cellx-1.10.29.tgz",
      "integrity": "sha512-fUdUecXe7UY4dY3il26DYfTl7ugNkGAycB1w5oc/GE0KRHZcT03ZgnKSXt/Xpt/7eYxqSXj0sFA8B/RIEpyH1A==",
      "requires": {
        "@riim/next-tick": "1.2.6"
      }
    },
    "cli-table": {
      "version": "0.3.11",
      "resolved": "https://registry.npmjs.org/cli-table/-/cli-table-0.3.11.tgz",
      "integrity": "sha512-IqLQi4lO0nIB4tcdTpN4LCB9FI3uqrJZK7RC515EnhZ6qBaglkIgICb1wjeAqpdoOabm1+SuQtkXIPdYC93jhQ==",
      "requires": {
        "colors": "1.0.3"
      }
    },
    "colors": {
      "version": "1.0.3",
      "resolved": "https://registry.npmjs.org/colors/-/colors-1.0.3.tgz",
      "integrity": "sha512-pFGrxThWcWQ2MsAz6RtgeWe4NK2kUE1WfsrvvlctdII745EW9I0yflqhe7++M5LEc7bV2c/9/5zc8sFcpL0Drw=="
    },
    "hyperactiv": {
      "version": "file:..",
      "requires": {
        "@babel/core": "^7.17.10",
        "@babel/eslint-parser": "^7.17.0",
        "@babel/preset-env": "^7.17.10",
        "@babel/preset-react": "^7.16.7",
        "@testing-library/jest-dom": "^5.16.4",
        "@testing-library/react": "^13.2.0",
        "@types/jest": "^27.5.0",
        "babel-jest": "^28.1.0",
        "eslint": "^8.15.0",
        "eslint-plugin-jest": "^26.1.5",
        "eslint-plugin-react": "^7.29.4",
        "jest": "^28.1.0",
        "jest-environment-jsdom": "^28.1.0",
        "node-fetch": "^2",
        "normaliz": "^0.2.0",
        "react": "^18.1.0",
        "react-dom": "^18.1.0",
        "react-test-renderer": "^18.1.0",
        "rimraf": "^3.0.2",
        "rollup": "^2.72.0",
        "rollup-plugin-terser": "^7.0.2",
        "typescript": "^4.6.4",
        "wretch": "^1.7.9",
        "ws": "^7"
      }
    },
    "kleur": {
      "version": "4.1.5",
      "resolved": "https://registry.npmjs.org/kleur/-/kleur-4.1.5.tgz",
      "integrity": "sha512-o+NO+8WrRiQEE4/7nwRJhN1HWpVmJm511pBHUxPLtp0BUISzlBplORYSmTclCnJvQq2tKu/sgl3xVpkc7ZWuQQ=="
    },
    "mobx": {
      "version": "6.6.1",
      "resolved": "https://registry.npmjs.org/mobx/-/mobx-6.6.1.tgz",
      "integrity": "sha512-7su3UZv5JF+ohLr2opabjbUAERfXstMY+wiBtey8yNAPoB8H187RaQXuhFjNkH8aE4iHbDWnhDFZw0+5ic4nGQ=="
    },
    "s-js": {
      "version": "0.4.9",
      "resolved": "https://registry.npmjs.org/s-js/-/s-js-0.4.9.tgz",
      "integrity": "sha512-RtpOm+cM6O0sHg6IA70wH+UC3FZcND+rccBZpBAHzlUgNO2Bm5BN+FnM8+OBxzXdwpKWFwX11JGF0MFRkhSoIQ=="
    }
  }
}
